{
  "name": "tjbot",
  "lockfileVersion": 2,
  "requires": true,
  "packages": {
    "": {
      "dependencies": {
        "tjbot": "file:../tjbotlib"
      }
    },
    "../tjbotlib": {
      "version": "2.0.0",
      "license": "Apache-2.0",
      "dependencies": {
        "bluebird": "^3.7.2",
        "color-model": "^0.2.2",
        "colornames": "^1.1.1",
        "fifo": "^2.3.0",
        "ibm-watson": "^5.7.0",
        "mic": "^2.1.2",
        "node-raspistill": "^1.0.1",
        "pigpio": "^3.2.3",
        "rpi-ws281x-native": "^0.10.0",
        "semaphore": "^1.1.0",
        "sleep": "^6.3.0",
        "sound-player": "^1.0.13",
        "temp": "^0.9.1",
        "winston": "^3.3.3"
      },
      "devDependencies": {
        "@babel/preset-env": "^7.11.5",
        "babel-eslint": "^10.1.0",
        "babel-jest": "^26.3.0",
        "braintree-jsdoc-template": "^3.3.0",
        "eslint": "^7.8.1",
        "eslint-config-airbnb-base": "^14.2.0",
        "eslint-config-standard": "^14.1.1",
        "eslint-plugin-import": "^2.22.0",
        "eslint-plugin-node": "^11.1.0",
        "eslint-plugin-promise": "^4.2.1",
        "eslint-plugin-standard": "^4.0.1",
        "jest": "^26.4.2",
        "jsdoc": "^3.6.5",
        "readline-sync": "^1.4.10"
      }
    },
    "node_modules/tjbot": {
      "resolved": "../tjbotlib",
      "link": true
    }
  },
  "dependencies": {
    "tjbot": {
      "version": "file:../tjbotlib",
      "requires": {
        "@babel/preset-env": "^7.11.5",
        "babel-eslint": "^10.1.0",
        "babel-jest": "^26.3.0",
        "bluebird": "^3.7.2",
        "braintree-jsdoc-template": "^3.3.0",
        "color-model": "^0.2.2",
        "colornames": "^1.1.1",
        "eslint": "^7.8.1",
        "eslint-config-airbnb-base": "^14.2.0",
        "eslint-config-standard": "^14.1.1",
        "eslint-plugin-import": "^2.22.0",
        "eslint-plugin-node": "^11.1.0",
        "eslint-plugin-promise": "^4.2.1",
        "eslint-plugin-standard": "^4.0.1",
        "fifo": "^2.3.0",
        "ibm-watson": "^5.7.0",
        "jest": "^26.4.2",
        "jsdoc": "^3.6.5",
        "mic": "^2.1.2",
        "node-raspistill": "^1.0.1",
        "pigpio": "^3.2.3",
        "readline-sync": "^1.4.10",
        "rpi-ws281x-native": "^0.10.0",
        "semaphore": "^1.1.0",
        "sleep": "^6.3.0",
        "sound-player": "^1.0.13",
        "temp": "^0.9.1",
        "winston": "^3.3.3"
      }
    }
  }
}
